
Microsoft Visual Studio Solution File, Format Version 12.00
# Visual Studio Version 17
VisualStudioVersion = 17.1.32328.378
MinimumVisualStudioVersion = 10.0.40219.1
Project("{FAE04EC0-301F-11D3-BF4B-00C04F79EFBC}") = "ModpackUpdateManager", "ModpackUpdateManager\ModpackUpdateManager.csproj", "{DF06A4F4-5286-4859-A0A3-6AECCE3E7740}"
EndProject
Global
	GlobalSection(SolutionConfigurationPlatforms) = preSolution
		Debug|Any CPU = Debug|Any CPU
		Release|Any CPU = Release|Any CPU
	EndGlobalSection
	GlobalSection(ProjectConfigurationPlatforms) = postSolution
		{DF06A4F4-5286-4859-A0A3-6AECCE3E7740}.Debug|Any CPU.ActiveCfg = Debug|Any CPU
		{DF06A4F4-5286-4859-A0A3-6AECCE3E7740}.Debug|Any CPU.Build.0 = Debug|Any CPU
		{DF06A4F4-5286-4859-A0A3-6AECCE3E7740}.Release|Any CPU.ActiveCfg = Debug|Any CPU
		{DF06A4F4-5286-4859-A0A3-6AECCE3E7740}.Release|Any CPU.Build.0 = Debug|Any CPU
	EndGlobalSection
	GlobalSection(SolutionProperties) = preSolution
		HideSolutionNode = FALSE
	EndGlobalSection
	GlobalSection(ExtensibilityGlobals) = postSolution
		SolutionGuid = {B68AD3A0-6F4F-4836-BA92-D58355890490}
	EndGlobalSection
EndGlobal
